
Microsoft Visual Studio Solution File, Format Version 12.00
# Visual Studio Version 17
VisualStudioVersion = 17.7.34031.279
MinimumVisualStudioVersion = 10.0.40219.1
Project("{FAE04EC0-301F-11D3-BF4B-00C04F79EFBC}") = "CapaDiseño", "CapaDiseño.csproj", "{D4CA800E-A6D2-4868-B06C-799056FD43E7}"
EndProject
Project("{FAE04EC0-301F-11D3-BF4B-00C04F79EFBC}") = "CapaDatos", "..\CapaDatos\CapaDatos.csproj", "{89AB2C86-22D0-4096-B321-C165BAA2E47E}"
EndProject
Project("{FAE04EC0-301F-11D3-BF4B-00C04F79EFBC}") = "CapaNegocio", "..\CapaNegocio\CapaNegocio.csproj", "{CF96403B-A92F-4C03-A253-B620A02BD2C1}"
EndProject
Global
	GlobalSection(SolutionConfigurationPlatforms) = preSolution
		Debug|Any CPU = Debug|Any CPU
		Release|Any CPU = Release|Any CPU
	EndGlobalSection
	GlobalSection(ProjectConfigurationPlatforms) = postSolution
		{D4CA800E-A6D2-4868-B06C-799056FD43E7}.Debug|Any CPU.ActiveCfg = Debug|Any CPU
		{D4CA800E-A6D2-4868-B06C-799056FD43E7}.Debug|Any CPU.Build.0 = Debug|Any CPU
		{D4CA800E-A6D2-4868-B06C-799056FD43E7}.Release|Any CPU.ActiveCfg = Release|Any CPU
		{D4CA800E-A6D2-4868-B06C-799056FD43E7}.Release|Any CPU.Build.0 = Release|Any CPU
		{89AB2C86-22D0-4096-B321-C165BAA2E47E}.Debug|Any CPU.ActiveCfg = Debug|Any CPU
		{89AB2C86-22D0-4096-B321-C165BAA2E47E}.Debug|Any CPU.Build.0 = Debug|Any CPU
		{89AB2C86-22D0-4096-B321-C165BAA2E47E}.Release|Any CPU.ActiveCfg = Release|Any CPU
		{89AB2C86-22D0-4096-B321-C165BAA2E47E}.Release|Any CPU.Build.0 = Release|Any CPU
		{CF96403B-A92F-4C03-A253-B620A02BD2C1}.Debug|Any CPU.ActiveCfg = Debug|Any CPU
		{CF96403B-A92F-4C03-A253-B620A02BD2C1}.Debug|Any CPU.Build.0 = Debug|Any CPU
		{CF96403B-A92F-4C03-A253-B620A02BD2C1}.Release|Any CPU.ActiveCfg = Release|Any CPU
		{CF96403B-A92F-4C03-A253-B620A02BD2C1}.Release|Any CPU.Build.0 = Release|Any CPU
	EndGlobalSection
	GlobalSection(SolutionProperties) = preSolution
		HideSolutionNode = FALSE
	EndGlobalSection
	GlobalSection(ExtensibilityGlobals) = postSolution
		SolutionGuid = {FEBC71E1-3E99-4616-98DE-5457A226962F}
	EndGlobalSection
EndGlobal
